
Microsoft Visual Studio Solution File, Format Version 12.00
# Visual Studio Version 16
VisualStudioVersion = 16.0.29806.167
MinimumVisualStudioVersion = 10.0.40219.1
Project("{FAE04EC0-301F-11D3-BF4B-00C04F79EFBC}") = "TrivialPursuitMVC", "TrivialPursuitMVC\TrivialPursuitMVC.csproj", "{1A96CA85-8F6F-4CD6-B84D-BC3DDF15C52F}"
EndProject
Project("{FAE04EC0-301F-11D3-BF4B-00C04F79EFBC}") = "TrivialPursuit.Data", "TrivialPursuit.Data\TrivialPursuit.Data.csproj", "{2AD37FBF-A91D-4197-8175-BCFC695C2D43}"
EndProject
Project("{FAE04EC0-301F-11D3-BF4B-00C04F79EFBC}") = "TrivialPursuit.Models", "TrivialPursuit.Models\TrivialPursuit.Models.csproj", "{A7227069-046E-4111-8B88-777F870C0B91}"
EndProject
Project("{FAE04EC0-301F-11D3-BF4B-00C04F79EFBC}") = "TrivialPursuit.Services", "TrivialPursuit.Services\TrivialPursuit.Services.csproj", "{BEA57DAE-2E74-4707-8760-7D64CD175AC4}"
EndProject
Global
	GlobalSection(SolutionConfigurationPlatforms) = preSolution
		Debug|Any CPU = Debug|Any CPU
		Release|Any CPU = Release|Any CPU
	EndGlobalSection
	GlobalSection(ProjectConfigurationPlatforms) = postSolution
		{1A96CA85-8F6F-4CD6-B84D-BC3DDF15C52F}.Debug|Any CPU.ActiveCfg = Debug|Any CPU
		{1A96CA85-8F6F-4CD6-B84D-BC3DDF15C52F}.Debug|Any CPU.Build.0 = Debug|Any CPU
		{1A96CA85-8F6F-4CD6-B84D-BC3DDF15C52F}.Release|Any CPU.ActiveCfg = Release|Any CPU
		{1A96CA85-8F6F-4CD6-B84D-BC3DDF15C52F}.Release|Any CPU.Build.0 = Release|Any CPU
		{2AD37FBF-A91D-4197-8175-BCFC695C2D43}.Debug|Any CPU.ActiveCfg = Debug|Any CPU
		{2AD37FBF-A91D-4197-8175-BCFC695C2D43}.Debug|Any CPU.Build.0 = Debug|Any CPU
		{2AD37FBF-A91D-4197-8175-BCFC695C2D43}.Release|Any CPU.ActiveCfg = Release|Any CPU
		{2AD37FBF-A91D-4197-8175-BCFC695C2D43}.Release|Any CPU.Build.0 = Release|Any CPU
		{A7227069-046E-4111-8B88-777F870C0B91}.Debug|Any CPU.ActiveCfg = Debug|Any CPU
		{A7227069-046E-4111-8B88-777F870C0B91}.Debug|Any CPU.Build.0 = Debug|Any CPU
		{A7227069-046E-4111-8B88-777F870C0B91}.Release|Any CPU.ActiveCfg = Release|Any CPU
		{A7227069-046E-4111-8B88-777F870C0B91}.Release|Any CPU.Build.0 = Release|Any CPU
		{BEA57DAE-2E74-4707-8760-7D64CD175AC4}.Debug|Any CPU.ActiveCfg = Debug|Any CPU
		{BEA57DAE-2E74-4707-8760-7D64CD175AC4}.Debug|Any CPU.Build.0 = Debug|Any CPU
		{BEA57DAE-2E74-4707-8760-7D64CD175AC4}.Release|Any CPU.ActiveCfg = Release|Any CPU
		{BEA57DAE-2E74-4707-8760-7D64CD175AC4}.Release|Any CPU.Build.0 = Release|Any CPU
	EndGlobalSection
	GlobalSection(SolutionProperties) = preSolution
		HideSolutionNode = FALSE
	EndGlobalSection
	GlobalSection(ExtensibilityGlobals) = postSolution
		SolutionGuid = {771B2FCC-1DD8-44E3-9893-72E32BDF5069}
	EndGlobalSection
EndGlobal
